{
  "nodes": {
    "gnome-shell-src": {
      "flake": false,
      "locked": {
        "lastModified": 1789401501,
        "narHash": "sha256-mjC4IDakKmh/PZVRMw5u7nRop985ssqFL9Kq0d6s67k=",
        "ref": "refs/heads/main",
        "rev": "2177bdf9624b2d285de7c1d34274073d3769d6b8",
        "revCount": 20861,
        "type": "git",
        "url": "https://gitlab.gnome.org/GNOME/gnome-shell.git"
      },
      "original": {
        "rev": "2177bdf9624b2d285de7c1d34274073d3769d6b8",
        "type": "git",
        "url": "https://gitlab.gnome.org/GNOME/gnome-shell.git"
      }
    },
    "gsettings-desktop-schemas-src": {
      "flake": false,
      "locked": {
        "lastModified": 1789332298,
        "narHash": "sha256-J+THXdqfAT29eSLP0NHXZ5T8sieeP+01my1MV4nbyXY=",
        "ref": "refs/heads/main",
        "rev": "1db238b6a349ea7fae6f1c0713afe04d1bb7ea5c",
        "revCount": 2012,
        "type": "git",
        "url": "https://gitlab.gnome.org/GNOME/gsettings-desktop-schemas.git"
      },
      "original": {
        "rev": "1db238b6a349ea7fae6f1c0713afe04d1bb7ea5c",
        "type": "git",
        "url": "https://gitlab.gnome.org/GNOME/gsettings-desktop-schemas.git"
      }
    },
    "gvc": {
      "flake": false,
      "locked": {
        "lastModified": 1770829861,
        "narHash": "sha256-10n441b7m/mvQRdrmEsxGxqjKUWzjGvnzJy256NZN5s=",
        "ref": "refs/heads/master",
        "rev": "d2442f455844e5292cb4a74ffc66ecc8d7595a9f",
        "revCount": 120,
        "type": "git",
        "url": "https://gitlab.gnome.org/GNOME/libgnome-volume-control.git"
      },
      "original": {
        "rev": "d2442f455844e5292cb4a74ffc66ecc8d7595a9f",
        "type": "git",
        "url": "https://gitlab.gnome.org/GNOME/libgnome-volume-control.git"
      }
    },
    "gvdb": {
      "flake": false,
      "locked": {
        "lastModified": 1725181085,
        "narHash": "sha256-c56yOepnKPEYFcU1B1TrDl8ydU0JU+z6R8siAQP4d2A=",
        "ref": "refs/heads/main",
        "rev": "b54bc5da25127ef416858a3ad92e57159ff565b3",
        "revCount": 95,
        "type": "git",
        "url": "https://gitlab.gnome.org/GNOME/gvdb.git"
      },
      "original": {
        "rev": "b54bc5da25127ef416858a3ad92e57159ff565b3",
        "type": "git",
        "url": "https://gitlab.gnome.org/GNOME/gvdb.git"
      }
    },
    "jasmineGjs": {
      "flake": false,
      "locked": {
        "lastModified": 1736969202,
        "narHash": "sha256-oXX6gURacmkMZ7h/NkNXhH1UTo7Jq8OyMP7ETtZx/NY=",
        "owner": "ptomato",
        "repo": "jasmine-gjs",
        "rev": "856465dddbd92e82e574891e1ebc79e17d7b708a",
        "type": "github"
      },
      "original": {
        "owner": "ptomato",
        "repo": "jasmine-gjs",
        "rev": "856465dddbd92e82e574891e1ebc79e17d7b708a",
        "type": "github"
      }
    },
    "libshew": {
      "flake": false,
      "locked": {
        "lastModified": 1749568263,
        "narHash": "sha256-auv5JsQUkytLLAAJzZlCDw4+v9/JfsCV1hKTa3Ku/Jg=",
        "ref": "refs/heads/main",
        "rev": "ed782477cb5164320ae4f731d49bc5d475ab2a52",
        "revCount": 89,
        "type": "git",
        "url": "https://gitlab.gnome.org/GNOME/libshew.git"
      },
      "original": {
        "rev": "ed782477cb5164320ae4f731d49bc5d475ab2a52",
        "type": "git",
        "url": "https://gitlab.gnome.org/GNOME/libshew.git"
      }
    },
    "mutter-src": {
      "flake": false,
      "locked": {
        "lastModified": 1789422496,
        "narHash": "sha256-kwHVCnAtKnyal3+fMZtXqJ/Afn3UJFyHugg4xiGugo0=",
        "ref": "refs/heads/main",
        "rev": "138a14fbeef09d49ebf5be8a0cb83b042dd5c841",
        "revCount": 36216,
        "type": "git",
        "url": "https://gitlab.gnome.org/GNOME/mutter.git"
      },
      "original": {
        "rev": "138a14fbeef09d49ebf5be8a0cb83b042dd5c841",
        "type": "git",
        "url": "https://gitlab.gnome.org/GNOME/mutter.git"
      }
    },
    "nixpkgs": {
      "locked": {
        "lastModified": 1789785513,
        "narHash": "sha256-B44WL6h0XoLjJ41bUPJk0X5SDinLCII//6EcBLXKiJ0=",
        "owner": "NixOS",
        "repo": "nixpkgs",
        "rev": "20b1ddd1aa5ace70c9468305030aa4f9ef79671b",
        "type": "github"
      },
      "original": {
        "owner": "NixOS",
        "ref": "nixos-unstable",
        "repo": "nixpkgs",
        "type": "github"
      }
    },
    "root": {
      "inputs": {
        "gnome-shell-src": "gnome-shell-src",
        "gsettings-desktop-schemas-src": "gsettings-desktop-schemas-src",
        "gvc": "gvc",
        "gvdb": "gvdb",
        "jasmineGjs": "jasmineGjs",
        "libshew": "libshew",
        "mutter-src": "mutter-src",
        "nixpkgs": "nixpkgs"
      }
    }
  },
  "root": "root",
  "version": 7
}
